
Microsoft Visual Studio Solution File, Format Version 12.00
# Visual Studio Version 17
VisualStudioVersion = 17.14.36414.22 d17.14
MinimumVisualStudioVersion = 10.0.40219.1
Project("{FAE04EC0-301F-11D3-BF4B-00C04F79EFBC}") = "Consuming_API", "Consuming_API\Consuming_API.csproj", "{1603B11F-DF99-452F-90FD-813FDDA39B06}"
EndProject
Global
	GlobalSection(SolutionConfigurationPlatforms) = preSolution
		Debug|Any CPU = Debug|Any CPU
		Release|Any CPU = Release|Any CPU
	EndGlobalSection
	GlobalSection(ProjectConfigurationPlatforms) = postSolution
		{1603B11F-DF99-452F-90FD-813FDDA39B06}.Debug|Any CPU.ActiveCfg = Debug|Any CPU
		{1603B11F-DF99-452F-90FD-813FDDA39B06}.Debug|Any CPU.Build.0 = Debug|Any CPU
		{1603B11F-DF99-452F-90FD-813FDDA39B06}.Release|Any CPU.ActiveCfg = Release|Any CPU
		{1603B11F-DF99-452F-90FD-813FDDA39B06}.Release|Any CPU.Build.0 = Release|Any CPU
	EndGlobalSection
	GlobalSection(SolutionProperties) = preSolution
		HideSolutionNode = FALSE
	EndGlobalSection
	GlobalSection(ExtensibilityGlobals) = postSolution
		SolutionGuid = {443BB851-433B-4523-8E7D-CA44269A831F}
	EndGlobalSection
EndGlobal
